PODS:
  - Alamofire (4.8.2)
  - BigInt (3.1.0):
    - SipHash (~> 1.2)
  - CryptoSwift (1.0.0)
  - GTMBase64 (1.0.1)
  - HandyJSON (4.2.1)
  - keccak.c (0.1.3)
  - PromiseKit (6.10.0):
    - PromiseKit/CorePromise (= 6.10.0)
    - PromiseKit/Foundation (= 6.10.0)
    - PromiseKit/UIKit (= 6.10.0)
  - PromiseKit/CorePromise (6.10.0)
  - PromiseKit/Foundation (6.10.0):
    - PromiseKit/CorePromise
  - PromiseKit/UIKit (6.10.0):
    - PromiseKit/CorePromise
  - scrypt.c (0.1.1)
  - secp256k1.c (0.1.2)
  - SipHash (1.2.2)
  - web3swift.pod (2.1.10):
    - BigInt (~> 3.1)
    - keccak.c (~> 0.1)
    - PromiseKit (~> 6.4)
    - scrypt.c (~> 0.1)
    - secp256k1.c (~> 0.1)

DEPENDENCIES:
  - Alamofire (= 4.8.2)
  - CryptoSwift (= 1.0.0)
  - GTMBase64 (= 1.0.1)
  - HandyJSON (= 4.2.1)
  - web3swift.pod (= 2.1.10)

SPEC REPOS:
  https://github.com/cocoapods/specs.git:
    - Alamofire
    - BigInt
    - CryptoSwift
    - GTMBase64
    - HandyJSON
    - keccak.c
    - PromiseKit
    - scrypt.c
    - secp256k1.c
    - SipHash
    - web3swift.pod

SPEC CHECKSUMS:
  Alamofire: ae5c501addb7afdbb13687d7f2f722c78734c2d3
  BigInt: 76b5dfdfa3e2e478d4ffdf161aeede5502e2742f
  CryptoSwift: d81eeaa59dc5a8d03720fe919a6fd07b51f7439f
  GTMBase64: f0f91be06a7a20b84c8e4fee30c0430395091d82
  HandyJSON: d0c5fc80204f29056d59d3e5c4587fa0b16b60a8
  keccak.c: 859583afdaccb4e4fcc0f0096064d101580313f4
  PromiseKit: 1fdaeb6c0a94a5114fcb814ff3d772b86886ad4e
  scrypt.c: b42ae06183251329d2b2c620c226fb541a4a3592
  secp256k1.c: db47b726585d80f027423682eb369729e61b3b20
  SipHash: fad90a4683e420c52ef28063063dbbce248ea6d4
  web3swift.pod: e3bd1c18a84e9fc1c4bfab8ebc0754b0806a7bcd

PODFILE CHECKSUM: c72ead703dc69d66c467e628b4ff90e1686002e9

COCOAPODS: 1.7.3
